
Microsoft Visual Studio Solution File, Format Version 12.00
# Visual Studio 15
VisualStudioVersion = 15.0.27130.2036
MinimumVisualStudioVersion = 10.0.40219.1
Project("{FAE04EC0-301F-11D3-BF4B-00C04F79EFBC}") = "Lab1 Pt_1", "Lab1 Pt_1\Lab1 Pt_1.csproj", "{AF4CEE4B-8836-4B77-8D51-E73C0FB79771}"
EndProject
Global
	GlobalSection(SolutionConfigurationPlatforms) = preSolution
		Debug|Any CPU = Debug|Any CPU
		Release|Any CPU = Release|Any CPU
	EndGlobalSection
	GlobalSection(ProjectConfigurationPlatforms) = postSolution
		{AF4CEE4B-8836-4B77-8D51-E73C0FB79771}.Debug|Any CPU.ActiveCfg = Debug|Any CPU
		{AF4CEE4B-8836-4B77-8D51-E73C0FB79771}.Debug|Any CPU.Build.0 = Debug|Any CPU
		{AF4CEE4B-8836-4B77-8D51-E73C0FB79771}.Release|Any CPU.ActiveCfg = Release|Any CPU
		{AF4CEE4B-8836-4B77-8D51-E73C0FB79771}.Release|Any CPU.Build.0 = Release|Any CPU
	EndGlobalSection
	GlobalSection(SolutionProperties) = preSolution
		HideSolutionNode = FALSE
	EndGlobalSection
	GlobalSection(ExtensibilityGlobals) = postSolution
		SolutionGuid = {7DA67DF0-756E-4A59-B4E5-95B2EAFCB595}
	EndGlobalSection
EndGlobal
